
Microsoft Visual Studio Solution File, Format Version 12.00
# Visual Studio Version 16
VisualStudioVersion = 16.0.30413.136
MinimumVisualStudioVersion = 10.0.40219.1
Project("{8BC9CEB8-8B4A-11D0-8D11-00A0C91BC942}") = "lab1", "LLP-Labs\LLP-Labs.vcxproj", "{564FE6BF-D091-46B7-97CE-B2D9835A669C}"
EndProject
Project("{8BC9CEB8-8B4A-11D0-8D11-00A0C91BC942}") = "lab1-2", "lab1-2\lab1-2.vcxproj", "{379246D9-B417-4E89-8B30-89735B4D0088}"
EndProject
Project("{8BC9CEB8-8B4A-11D0-8D11-00A0C91BC942}") = "lab1-3", "lab1-3\lab1-3.vcxproj", "{067B3DF7-AF2D-4110-B0B5-D3762DB97543}"
EndProject
Project("{8BC9CEB8-8B4A-11D0-8D11-00A0C91BC942}") = "lab1-6", "lab1-6\lab1-6.vcxproj", "{E55EC4F4-4D23-4442-8E1D-129207341B0B}"
EndProject
Project("{8BC9CEB8-8B4A-11D0-8D11-00A0C91BC942}") = "lab2", "lab2\lab2.vcxproj", "{14E9B0EA-5ECA-49EF-838A-2935C4F3075B}"
EndProject
Project("{8BC9CEB8-8B4A-11D0-8D11-00A0C91BC942}") = "lab3-1", "lab3-1\lab3-1.vcxproj", "{2D51290E-BA2E-49A1-802C-22318E04F7F4}"
EndProject
Project("{8BC9CEB8-8B4A-11D0-8D11-00A0C91BC942}") = "lab3-2", "lab3-2\lab3-2.vcxproj", "{C3BA6993-D408-4CC7-BFCB-0841B48D8A91}"
EndProject
Project("{8BC9CEB8-8B4A-11D0-8D11-00A0C91BC942}") = "lab3-1-2", "lab3-1-2\lab3-1-2.vcxproj", "{776E4EF6-EDC3-4BAA-99A7-798CEDA1A549}"
EndProject
Project("{8BC9CEB8-8B4A-11D0-8D11-00A0C91BC942}") = "lab3-1-3", "lab3-1-3\lab3-1-3.vcxproj", "{80C74854-8FAE-4D62-9568-D12A235C3149}"
EndProject
Project("{8BC9CEB8-8B4A-11D0-8D11-00A0C91BC942}") = "lab5-1", "lab5-1\lab5-1.vcxproj", "{62E52D66-C517-4625-8353-B6A1187321A9}"
EndProject
Project("{8BC9CEB8-8B4A-11D0-8D11-00A0C91BC942}") = "lab5-2", "lab5-2\lab5-2.vcxproj", "{CF4926B8-4676-45BF-BF55-FEE5B0252C77}"
EndProject
Project("{8BC9CEB8-8B4A-11D0-8D11-00A0C91BC942}") = "lab5-3", "lab5-3\lab5-3.vcxproj", "{773A392B-70B6-4165-AC6D-38659409CB22}"
EndProject
Project("{8BC9CEB8-8B4A-11D0-8D11-00A0C91BC942}") = "lab5-4", "lab5-4\lab5-4.vcxproj", "{B2E7C4CF-8D3C-4A36-90A8-519FD2E21AB8}"
EndProject
Project("{8BC9CEB8-8B4A-11D0-8D11-00A0C91BC942}") = "lab5-5", "lab5-5\lab5-5.vcxproj", "{0B46D13D-865D-408F-850D-92173F46CA9A}"
EndProject
Project("{8BC9CEB8-8B4A-11D0-8D11-00A0C91BC942}") = "lab6", "lab6\lab6.vcxproj", "{064E72A6-E99A-4819-9A74-5D6D67E2EDC8}"
EndProject
Project("{8BC9CEB8-8B4A-11D0-8D11-00A0C91BC942}") = "lab8", "lab8\lab8.vcxproj", "{999FFBE6-4DE5-4D8A-B586-C6DBF30496E6}"
EndProject
Project("{8BC9CEB8-8B4A-11D0-8D11-00A0C91BC942}") = "lab9", "lab9\lab9.vcxproj", "{9460F4A0-5ADA-43A3-A2E8-059DC2050511}"
EndProject
Global
	GlobalSection(SolutionConfigurationPlatforms) = preSolution
		Debug|x64 = Debug|x64
		Debug|x86 = Debug|x86
		Release|x64 = Release|x64
		Release|x86 = Release|x86
	EndGlobalSection
	GlobalSection(ProjectConfigurationPlatforms) = postSolution
		{564FE6BF-D091-46B7-97CE-B2D9835A669C}.Debug|x64.ActiveCfg = Debug|x64
		{564FE6BF-D091-46B7-97CE-B2D9835A669C}.Debug|x64.Build.0 = Debug|x64
		{564FE6BF-D091-46B7-97CE-B2D9835A669C}.Debug|x86.ActiveCfg = Debug|Win32
		{564FE6BF-D091-46B7-97CE-B2D9835A669C}.Debug|x86.Build.0 = Debug|Win32
		{564FE6BF-D091-46B7-97CE-B2D9835A669C}.Release|x64.ActiveCfg = Release|x64
		{564FE6BF-D091-46B7-97CE-B2D9835A669C}.Release|x64.Build.0 = Release|x64
		{564FE6BF-D091-46B7-97CE-B2D9835A669C}.Release|x86.ActiveCfg = Release|Win32
		{564FE6BF-D091-46B7-97CE-B2D9835A669C}.Release|x86.Build.0 = Release|Win32
		{379246D9-B417-4E89-8B30-89735B4D0088}.Debug|x64.ActiveCfg = Debug|x64
		{379246D9-B417-4E89-8B30-89735B4D0088}.Debug|x64.Build.0 = Debug|x64
		{379246D9-B417-4E89-8B30-89735B4D0088}.Debug|x86.ActiveCfg = Debug|Win32
		{379246D9-B417-4E89-8B30-89735B4D0088}.Debug|x86.Build.0 = Debug|Win32
		{379246D9-B417-4E89-8B30-89735B4D0088}.Release|x64.ActiveCfg = Release|x64
		{379246D9-B417-4E89-8B30-89735B4D0088}.Release|x64.Build.0 = Release|x64
		{379246D9-B417-4E89-8B30-89735B4D0088}.Release|x86.ActiveCfg = Release|Win32
		{379246D9-B417-4E89-8B30-89735B4D0088}.Release|x86.Build.0 = Release|Win32
		{067B3DF7-AF2D-4110-B0B5-D3762DB97543}.Debug|x64.ActiveCfg = Debug|x64
		{067B3DF7-AF2D-4110-B0B5-D3762DB97543}.Debug|x64.Build.0 = Debug|x64
		{067B3DF7-AF2D-4110-B0B5-D3762DB97543}.Debug|x86.ActiveCfg = Debug|Win32
		{067B3DF7-AF2D-4110-B0B5-D3762DB97543}.Debug|x86.Build.0 = Debug|Win32
		{067B3DF7-AF2D-4110-B0B5-D3762DB97543}.Release|x64.ActiveCfg = Release|x64
		{067B3DF7-AF2D-4110-B0B5-D3762DB97543}.Release|x64.Build.0 = Release|x64
		{067B3DF7-AF2D-4110-B0B5-D3762DB97543}.Release|x86.ActiveCfg = Release|Win32
		{067B3DF7-AF2D-4110-B0B5-D3762DB97543}.Release|x86.Build.0 = Release|Win32
		{E55EC4F4-4D23-4442-8E1D-129207341B0B}.Debug|x64.ActiveCfg = Debug|x64
		{E55EC4F4-4D23-4442-8E1D-129207341B0B}.Debug|x64.Build.0 = Debug|x64
		{E55EC4F4-4D23-4442-8E1D-129207341B0B}.Debug|x86.ActiveCfg = Debug|Win32
		{E55EC4F4-4D23-4442-8E1D-129207341B0B}.Debug|x86.Build.0 = Debug|Win32
		{E55EC4F4-4D23-4442-8E1D-129207341B0B}.Release|x64.ActiveCfg = Release|x64
		{E55EC4F4-4D23-4442-8E1D-129207341B0B}.Release|x64.Build.0 = Release|x64
		{E55EC4F4-4D23-4442-8E1D-129207341B0B}.Release|x86.ActiveCfg = Release|Win32
		{E55EC4F4-4D23-4442-8E1D-129207341B0B}.Release|x86.Build.0 = Release|Win32
		{14E9B0EA-5ECA-49EF-838A-2935C4F3075B}.Debug|x64.ActiveCfg = Debug|x64
		{14E9B0EA-5ECA-49EF-838A-2935C4F3075B}.Debug|x64.Build.0 = Debug|x64
		{14E9B0EA-5ECA-49EF-838A-2935C4F3075B}.Debug|x86.ActiveCfg = Debug|Win32
		{14E9B0EA-5ECA-49EF-838A-2935C4F3075B}.Debug|x86.Build.0 = Debug|Win32
		{14E9B0EA-5ECA-49EF-838A-2935C4F3075B}.Release|x64.ActiveCfg = Release|x64
		{14E9B0EA-5ECA-49EF-838A-2935C4F3075B}.Release|x64.Build.0 = Release|x64
		{14E9B0EA-5ECA-49EF-838A-2935C4F3075B}.Release|x86.ActiveCfg = Release|Win32
		{14E9B0EA-5ECA-49EF-838A-2935C4F3075B}.Release|x86.Build.0 = Release|Win32
		{2D51290E-BA2E-49A1-802C-22318E04F7F4}.Debug|x64.ActiveCfg = Debug|x64
		{2D51290E-BA2E-49A1-802C-22318E04F7F4}.Debug|x64.Build.0 = Debug|x64
		{2D51290E-BA2E-49A1-802C-22318E04F7F4}.Debug|x86.ActiveCfg = Debug|Win32
		{2D51290E-BA2E-49A1-802C-22318E04F7F4}.Debug|x86.Build.0 = Debug|Win32
		{2D51290E-BA2E-49A1-802C-22318E04F7F4}.Release|x64.ActiveCfg = Release|x64
		{2D51290E-BA2E-49A1-802C-22318E04F7F4}.Release|x64.Build.0 = Release|x64
		{2D51290E-BA2E-49A1-802C-22318E04F7F4}.Release|x86.ActiveCfg = Release|Win32
		{2D51290E-BA2E-49A1-802C-22318E04F7F4}.Release|x86.Build.0 = Release|Win32
		{C3BA6993-D408-4CC7-BFCB-0841B48D8A91}.Debug|x64.ActiveCfg = Debug|x64
		{C3BA6993-D408-4CC7-BFCB-0841B48D8A91}.Debug|x64.Build.0 = Debug|x64
		{C3BA6993-D408-4CC7-BFCB-0841B48D8A91}.Debug|x86.ActiveCfg = Debug|Win32
		{C3BA6993-D408-4CC7-BFCB-0841B48D8A91}.Debug|x86.Build.0 = Debug|Win32
		{C3BA6993-D408-4CC7-BFCB-0841B48D8A91}.Release|x64.ActiveCfg = Release|x64
		{C3BA6993-D408-4CC7-BFCB-0841B48D8A91}.Release|x64.Build.0 = Release|x64
		{C3BA6993-D408-4CC7-BFCB-0841B48D8A91}.Release|x86.ActiveCfg = Release|Win32
		{C3BA6993-D408-4CC7-BFCB-0841B48D8A91}.Release|x86.Build.0 = Release|Win32
		{776E4EF6-EDC3-4BAA-99A7-798CEDA1A549}.Debug|x64.ActiveCfg = Debug|x64
		{776E4EF6-EDC3-4BAA-99A7-798CEDA1A549}.Debug|x64.Build.0 = Debug|x64
		{776E4EF6-EDC3-4BAA-99A7-798CEDA1A549}.Debug|x86.ActiveCfg = Debug|Win32
		{776E4EF6-EDC3-4BAA-99A7-798CEDA1A549}.Debug|x86.Build.0 = Debug|Win32
		{776E4EF6-EDC3-4BAA-99A7-798CEDA1A549}.Release|x64.ActiveCfg = Release|x64
		{776E4EF6-EDC3-4BAA-99A7-798CEDA1A549}.Release|x64.Build.0 = Release|x64
		{776E4EF6-EDC3-4BAA-99A7-798CEDA1A549}.Release|x86.ActiveCfg = Release|Win32
		{776E4EF6-EDC3-4BAA-99A7-798CEDA1A549}.Release|x86.Build.0 = Release|Win32
		{80C74854-8FAE-4D62-9568-D12A235C3149}.Debug|x64.ActiveCfg = Debug|x64
		{80C74854-8FAE-4D62-9568-D12A235C3149}.Debug|x64.Build.0 = Debug|x64
		{80C74854-8FAE-4D62-9568-D12A235C3149}.Debug|x86.ActiveCfg = Debug|Win32
		{80C74854-8FAE-4D62-9568-D12A235C3149}.Debug|x86.Build.0 = Debug|Win32
		{80C74854-8FAE-4D62-9568-D12A235C3149}.Release|x64.ActiveCfg = Release|x64
		{80C74854-8FAE-4D62-9568-D12A235C3149}.Release|x64.Build.0 = Release|x64
		{80C74854-8FAE-4D62-9568-D12A235C3149}.Release|x86.ActiveCfg = Release|Win32
		{80C74854-8FAE-4D62-9568-D12A235C3149}.Release|x86.Build.0 = Release|Win32
		{62E52D66-C517-4625-8353-B6A1187321A9}.Debug|x64.ActiveCfg = Debug|x64
		{62E52D66-C517-4625-8353-B6A1187321A9}.Debug|x64.Build.0 = Debug|x64
		{62E52D66-C517-4625-8353-B6A1187321A9}.Debug|x86.ActiveCfg = Debug|Win32
		{62E52D66-C517-4625-8353-B6A1187321A9}.Debug|x86.Build.0 = Debug|Win32
		{62E52D66-C517-4625-8353-B6A1187321A9}.Release|x64.ActiveCfg = Release|x64
		{62E52D66-C517-4625-8353-B6A1187321A9}.Release|x64.Build.0 = Release|x64
		{62E52D66-C517-4625-8353-B6A1187321A9}.Release|x86.ActiveCfg = Release|Win32
		{62E52D66-C517-4625-8353-B6A1187321A9}.Release|x86.Build.0 = Release|Win32
		{CF4926B8-4676-45BF-BF55-FEE5B0252C77}.Debug|x64.ActiveCfg = Debug|x64
		{CF4926B8-4676-45BF-BF55-FEE5B0252C77}.Debug|x64.Build.0 = Debug|x64
		{CF4926B8-4676-45BF-BF55-FEE5B0252C77}.Debug|x86.ActiveCfg = Debug|Win32
		{CF4926B8-4676-45BF-BF55-FEE5B0252C77}.Debug|x86.Build.0 = Debug|Win32
		{CF4926B8-4676-45BF-BF55-FEE5B0252C77}.Release|x64.ActiveCfg = Release|x64
		{CF4926B8-4676-45BF-BF55-FEE5B0252C77}.Release|x64.Build.0 = Release|x64
		{CF4926B8-4676-45BF-BF55-FEE5B0252C77}.Release|x86.ActiveCfg = Release|Win32
		{CF4926B8-4676-45BF-BF55-FEE5B0252C77}.Release|x86.Build.0 = Release|Win32
		{773A392B-70B6-4165-AC6D-38659409CB22}.Debug|x64.ActiveCfg = Debug|x64
		{773A392B-70B6-4165-AC6D-38659409CB22}.Debug|x64.Build.0 = Debug|x64
		{773A392B-70B6-4165-AC6D-38659409CB22}.Debug|x86.ActiveCfg = Debug|Win32
		{773A392B-70B6-4165-AC6D-38659409CB22}.Debug|x86.Build.0 = Debug|Win32
		{773A392B-70B6-4165-AC6D-38659409CB22}.Release|x64.ActiveCfg = Release|x64
		{773A392B-70B6-4165-AC6D-38659409CB22}.Release|x64.Build.0 = Release|x64
		{773A392B-70B6-4165-AC6D-38659409CB22}.Release|x86.ActiveCfg = Release|Win32
		{773A392B-70B6-4165-AC6D-38659409CB22}.Release|x86.Build.0 = Release|Win32
		{B2E7C4CF-8D3C-4A36-90A8-519FD2E21AB8}.Debug|x64.ActiveCfg = Debug|x64
		{B2E7C4CF-8D3C-4A36-90A8-519FD2E21AB8}.Debug|x64.Build.0 = Debug|x64
		{B2E7C4CF-8D3C-4A36-90A8-519FD2E21AB8}.Debug|x86.ActiveCfg = Debug|Win32
		{B2E7C4CF-8D3C-4A36-90A8-519FD2E21AB8}.Debug|x86.Build.0 = Debug|Win32
		{B2E7C4CF-8D3C-4A36-90A8-519FD2E21AB8}.Release|x64.ActiveCfg = Release|x64
		{B2E7C4CF-8D3C-4A36-90A8-519FD2E21AB8}.Release|x64.Build.0 = Release|x64
		{B2E7C4CF-8D3C-4A36-90A8-519FD2E21AB8}.Release|x86.ActiveCfg = Release|Win32
		{B2E7C4CF-8D3C-4A36-90A8-519FD2E21AB8}.Release|x86.Build.0 = Release|Win32
		{0B46D13D-865D-408F-850D-92173F46CA9A}.Debug|x64.ActiveCfg = Debug|x64
		{0B46D13D-865D-408F-850D-92173F46CA9A}.Debug|x64.Build.0 = Debug|x64
		{0B46D13D-865D-408F-850D-92173F46CA9A}.Debug|x86.ActiveCfg = Debug|Win32
		{0B46D13D-865D-408F-850D-92173F46CA9A}.Debug|x86.Build.0 = Debug|Win32
		{0B46D13D-865D-408F-850D-92173F46CA9A}.Release|x64.ActiveCfg = Release|x64
		{0B46D13D-865D-408F-850D-92173F46CA9A}.Release|x64.Build.0 = Release|x64
		{0B46D13D-865D-408F-850D-92173F46CA9A}.Release|x86.ActiveCfg = Release|Win32
		{0B46D13D-865D-408F-850D-92173F46CA9A}.Release|x86.Build.0 = Release|Win32
		{064E72A6-E99A-4819-9A74-5D6D67E2EDC8}.Debug|x64.ActiveCfg = Debug|x64
		{064E72A6-E99A-4819-9A74-5D6D67E2EDC8}.Debug|x64.Build.0 = Debug|x64
		{064E72A6-E99A-4819-9A74-5D6D67E2EDC8}.Debug|x86.ActiveCfg = Debug|Win32
		{064E72A6-E99A-4819-9A74-5D6D67E2EDC8}.Debug|x86.Build.0 = Debug|Win32
		{064E72A6-E99A-4819-9A74-5D6D67E2EDC8}.Release|x64.ActiveCfg = Release|x64
		{064E72A6-E99A-4819-9A74-5D6D67E2EDC8}.Release|x64.Build.0 = Release|x64
		{064E72A6-E99A-4819-9A74-5D6D67E2EDC8}.Release|x86.ActiveCfg = Release|Win32
		{064E72A6-E99A-4819-9A74-5D6D67E2EDC8}.Release|x86.Build.0 = Release|Win32
		{999FFBE6-4DE5-4D8A-B586-C6DBF30496E6}.Debug|x64.ActiveCfg = Debug|x64
		{999FFBE6-4DE5-4D8A-B586-C6DBF30496E6}.Debug|x64.Build.0 = Debug|x64
		{999FFBE6-4DE5-4D8A-B586-C6DBF30496E6}.Debug|x86.ActiveCfg = Debug|Win32
		{999FFBE6-4DE5-4D8A-B586-C6DBF30496E6}.Debug|x86.Build.0 = Debug|Win32
		{999FFBE6-4DE5-4D8A-B586-C6DBF30496E6}.Release|x64.ActiveCfg = Release|x64
		{999FFBE6-4DE5-4D8A-B586-C6DBF30496E6}.Release|x64.Build.0 = Release|x64
		{999FFBE6-4DE5-4D8A-B586-C6DBF30496E6}.Release|x86.ActiveCfg = Release|Win32
		{999FFBE6-4DE5-4D8A-B586-C6DBF30496E6}.Release|x86.Build.0 = Release|Win32
		{9460F4A0-5ADA-43A3-A2E8-059DC2050511}.Debug|x64.ActiveCfg = Debug|x64
		{9460F4A0-5ADA-43A3-A2E8-059DC2050511}.Debug|x64.Build.0 = Debug|x64
		{9460F4A0-5ADA-43A3-A2E8-059DC2050511}.Debug|x86.ActiveCfg = Debug|Win32
		{9460F4A0-5ADA-43A3-A2E8-059DC2050511}.Debug|x86.Build.0 = Debug|Win32
		{9460F4A0-5ADA-43A3-A2E8-059DC2050511}.Release|x64.ActiveCfg = Release|x64
		{9460F4A0-5ADA-43A3-A2E8-059DC2050511}.Release|x64.Build.0 = Release|x64
		{9460F4A0-5ADA-43A3-A2E8-059DC2050511}.Release|x86.ActiveCfg = Release|Win32
		{9460F4A0-5ADA-43A3-A2E8-059DC2050511}.Release|x86.Build.0 = Release|Win32
	EndGlobalSection
	GlobalSection(SolutionProperties) = preSolution
		HideSolutionNode = FALSE
	EndGlobalSection
	GlobalSection(ExtensibilityGlobals) = postSolution
		SolutionGuid = {A199179A-A4AB-4B79-BC01-9FD1BB17AD36}
	EndGlobalSection
EndGlobal
